{
  "nodes": {
    "fenix": {
      "inputs": {
        "nixpkgs": [
          "nixpkgs"
        ],
        "rust-analyzer-src": "rust-analyzer-src"
      },
      "locked": {
        "lastModified": 1785400495,
        "narHash": "sha256-1lYcRFp9AzhPjj0kY/5sru9vKFU4VV9v70iPQOayqIc=",
        "owner": "nix-community",
        "repo": "fenix",
        "rev": "a130a35700abbfb1e96ce47e4f0bee7e76ddfcc1",
        "type": "github"
      },
      "original": {
        "owner": "nix-community",
        "repo": "fenix",
        "type": "github"
      }
    },
    "nixpkgs": {
      "locked": {
        "lastModified": 1785450510,
        "narHash": "sha256-2JIshAiIrKH93D0+Nd1r4QKupQNyc+D8Nw66qmegv5E=",
        "owner": "NixOS",
        "repo": "nixpkgs",
        "rev": "f58d77218b1ee83e94d5b8e8554e6ed058fd32ed",
        "type": "github"
      },
      "original": {
        "id": "nixpkgs",
        "ref": "master",
        "type": "indirect"
      }
    },
    "root": {
      "inputs": {
        "fenix": "fenix",
        "nixpkgs": "nixpkgs"
      }
    },
    "rust-analyzer-src": {
      "flake": false,
      "locked": {
        "lastModified": 1785369962,
        "narHash": "sha256-Mi11wW0wbfBtnq+0jLHzgSlvFvzAOSu+nTRsXEvmNZ8=",
        "owner": "rust-lang",
        "repo": "rust-analyzer",
        "rev": "b2abc7e727d7139f94352c58f8f937ea875abb68",
        "type": "github"
      },
      "original": {
        "owner": "rust-lang",
        "ref": "nightly",
        "repo": "rust-analyzer",
        "type": "github"
      }
    }
  },
  "root": "root",
  "version": 7
}
